
Microsoft Visual Studio Solution File, Format Version 12.00
# Visual Studio 15
VisualStudioVersion = 15.0.27703.2035
MinimumVisualStudioVersion = 10.0.40219.1
Project("{9A19103F-16F7-4668-BE54-9A1E7A4F7556}") = "WebShop", "WebShop\WebShop.csproj", "{89737518-4262-4ABA-BB69-A1612A889CE8}"
EndProject
Project("{9A19103F-16F7-4668-BE54-9A1E7A4F7556}") = "WebShop.Domain", "WebShop.Domain\WebShop.Domain.csproj", "{49D720AD-716F-4EB1-8D08-2A33823D0657}"
EndProject
Project("{9A19103F-16F7-4668-BE54-9A1E7A4F7556}") = "WebShop.DAL", "WebShop.DAL\WebShop.DAL.csproj", "{7A3DA542-7734-4062-8B5A-B1AC6C6A0D2B}"
EndProject
Project("{2150E333-8FDC-42A3-9474-1A3956D46DE8}") = "Common", "Common", "{E63C0A27-4F71-4ABA-8F13-688066FA0D59}"
EndProject
Project("{2150E333-8FDC-42A3-9474-1A3956D46DE8}") = "UI", "UI", "{CC72323B-F2C4-4C2E-822B-C702250AF415}"
EndProject
Project("{2150E333-8FDC-42A3-9474-1A3956D46DE8}") = "Services", "Services", "{35032D15-0C1F-4C54-9165-6904A1740676}"
EndProject
Project("{FAE04EC0-301F-11D3-BF4B-00C04F79EFBC}") = "WebShop.ServicesHosting", "WebShop.ServicesHosting\WebShop.ServicesHosting.csproj", "{A0678CF6-76D8-4F7E-BFB6-DDF5EEE8BCAC}"
EndProject
Project("{FAE04EC0-301F-11D3-BF4B-00C04F79EFBC}") = "WebShop.Interfaces", "WebShop.Interfaces\WebShop.Interfaces.csproj", "{34F01085-B482-45BB-A001-24DF37F156BA}"
EndProject
Project("{FAE04EC0-301F-11D3-BF4B-00C04F79EFBC}") = "WebShop.Services", "WebShop.Services\WebShop.Services.csproj", "{A081F6A0-8745-4618-8003-6B633ADDAC99}"
EndProject
Project("{2150E333-8FDC-42A3-9474-1A3956D46DE8}") = "Clients", "Clients", "{F9B7430B-C9BD-4D96-AF60-E3F3A3F4BCBB}"
EndProject
Project("{FAE04EC0-301F-11D3-BF4B-00C04F79EFBC}") = "WebShop.Clients", "WebShop.Clients\WebShop.Clients.csproj", "{3BCCF06C-4DEF-45B3-9099-5C3986DFFFBC}"
EndProject
Global
	GlobalSection(SolutionConfigurationPlatforms) = preSolution
		Debug|Any CPU = Debug|Any CPU
		Release|Any CPU = Release|Any CPU
	EndGlobalSection
	GlobalSection(ProjectConfigurationPlatforms) = postSolution
		{89737518-4262-4ABA-BB69-A1612A889CE8}.Debug|Any CPU.ActiveCfg = Debug|Any CPU
		{89737518-4262-4ABA-BB69-A1612A889CE8}.Debug|Any CPU.Build.0 = Debug|Any CPU
		{89737518-4262-4ABA-BB69-A1612A889CE8}.Release|Any CPU.ActiveCfg = Release|Any CPU
		{89737518-4262-4ABA-BB69-A1612A889CE8}.Release|Any CPU.Build.0 = Release|Any CPU
		{49D720AD-716F-4EB1-8D08-2A33823D0657}.Debug|Any CPU.ActiveCfg = Debug|Any CPU
		{49D720AD-716F-4EB1-8D08-2A33823D0657}.Debug|Any CPU.Build.0 = Debug|Any CPU
		{49D720AD-716F-4EB1-8D08-2A33823D0657}.Release|Any CPU.ActiveCfg = Release|Any CPU
		{49D720AD-716F-4EB1-8D08-2A33823D0657}.Release|Any CPU.Build.0 = Release|Any CPU
		{7A3DA542-7734-4062-8B5A-B1AC6C6A0D2B}.Debug|Any CPU.ActiveCfg = Debug|Any CPU
		{7A3DA542-7734-4062-8B5A-B1AC6C6A0D2B}.Debug|Any CPU.Build.0 = Debug|Any CPU
		{7A3DA542-7734-4062-8B5A-B1AC6C6A0D2B}.Release|Any CPU.ActiveCfg = Release|Any CPU
		{7A3DA542-7734-4062-8B5A-B1AC6C6A0D2B}.Release|Any CPU.Build.0 = Release|Any CPU
		{A0678CF6-76D8-4F7E-BFB6-DDF5EEE8BCAC}.Debug|Any CPU.ActiveCfg = Debug|Any CPU
		{A0678CF6-76D8-4F7E-BFB6-DDF5EEE8BCAC}.Debug|Any CPU.Build.0 = Debug|Any CPU
		{A0678CF6-76D8-4F7E-BFB6-DDF5EEE8BCAC}.Release|Any CPU.ActiveCfg = Release|Any CPU
		{A0678CF6-76D8-4F7E-BFB6-DDF5EEE8BCAC}.Release|Any CPU.Build.0 = Release|Any CPU
		{34F01085-B482-45BB-A001-24DF37F156BA}.Debug|Any CPU.ActiveCfg = Debug|Any CPU
		{34F01085-B482-45BB-A001-24DF37F156BA}.Debug|Any CPU.Build.0 = Debug|Any CPU
		{34F01085-B482-45BB-A001-24DF37F156BA}.Release|Any CPU.ActiveCfg = Release|Any CPU
		{34F01085-B482-45BB-A001-24DF37F156BA}.Release|Any CPU.Build.0 = Release|Any CPU
		{A081F6A0-8745-4618-8003-6B633ADDAC99}.Debug|Any CPU.ActiveCfg = Debug|Any CPU
		{A081F6A0-8745-4618-8003-6B633ADDAC99}.Debug|Any CPU.Build.0 = Debug|Any CPU
		{A081F6A0-8745-4618-8003-6B633ADDAC99}.Release|Any CPU.ActiveCfg = Release|Any CPU
		{A081F6A0-8745-4618-8003-6B633ADDAC99}.Release|Any CPU.Build.0 = Release|Any CPU
		{3BCCF06C-4DEF-45B3-9099-5C3986DFFFBC}.Debug|Any CPU.ActiveCfg = Debug|Any CPU
		{3BCCF06C-4DEF-45B3-9099-5C3986DFFFBC}.Debug|Any CPU.Build.0 = Debug|Any CPU
		{3BCCF06C-4DEF-45B3-9099-5C3986DFFFBC}.Release|Any CPU.ActiveCfg = Release|Any CPU
		{3BCCF06C-4DEF-45B3-9099-5C3986DFFFBC}.Release|Any CPU.Build.0 = Release|Any CPU
	EndGlobalSection
	GlobalSection(SolutionProperties) = preSolution
		HideSolutionNode = FALSE
	EndGlobalSection
	GlobalSection(NestedProjects) = preSolution
		{89737518-4262-4ABA-BB69-A1612A889CE8} = {CC72323B-F2C4-4C2E-822B-C702250AF415}
		{49D720AD-716F-4EB1-8D08-2A33823D0657} = {E63C0A27-4F71-4ABA-8F13-688066FA0D59}
		{7A3DA542-7734-4062-8B5A-B1AC6C6A0D2B} = {35032D15-0C1F-4C54-9165-6904A1740676}
		{A0678CF6-76D8-4F7E-BFB6-DDF5EEE8BCAC} = {35032D15-0C1F-4C54-9165-6904A1740676}
		{34F01085-B482-45BB-A001-24DF37F156BA} = {E63C0A27-4F71-4ABA-8F13-688066FA0D59}
		{A081F6A0-8745-4618-8003-6B633ADDAC99} = {35032D15-0C1F-4C54-9165-6904A1740676}
		{3BCCF06C-4DEF-45B3-9099-5C3986DFFFBC} = {F9B7430B-C9BD-4D96-AF60-E3F3A3F4BCBB}
	EndGlobalSection
	GlobalSection(ExtensibilityGlobals) = postSolution
		SolutionGuid = {AD6BEAF5-2AD9-41DA-9BB1-D99A9DDF93FB}
	EndGlobalSection
EndGlobal
